
Microsoft Visual Studio Solution File, Format Version 12.00
# Visual Studio Version 17
VisualStudioVersion = 17.0.31903.59
MinimumVisualStudioVersion = 10.0.40219.1
Project("{FAE04EC0-301F-11D3-BF4B-00C04F79EFBC}") = "FineUICore.EmptyProject.RazorForms", "FineUICore.EmptyProject.RazorForms.csproj", "{FDDC77E4-610E-443D-B0D3-4D730EFB658C}"
EndProject
Global
	GlobalSection(SolutionConfigurationPlatforms) = preSolution
		Debug|Any CPU = Debug|Any CPU
		Release|Any CPU = Release|Any CPU
	EndGlobalSection
	GlobalSection(SolutionProperties) = preSolution
		HideSolutionNode = FALSE
	EndGlobalSection
	GlobalSection(ProjectConfigurationPlatforms) = postSolution
		{FDDC77E4-610E-443D-B0D3-4D730EFB658C}.Debug|Any CPU.ActiveCfg = Debug|Any CPU
		{FDDC77E4-610E-443D-B0D3-4D730EFB658C}.Debug|Any CPU.Build.0 = Debug|Any CPU
		{FDDC77E4-610E-443D-B0D3-4D730EFB658C}.Release|Any CPU.ActiveCfg = Release|Any CPU
		{FDDC77E4-610E-443D-B0D3-4D730EFB658C}.Release|Any CPU.Build.0 = Release|Any CPU
	EndGlobalSection
EndGlobal
